// !$*UTF8*$!
{
	archiveVersion = 1;
	classes = {
	};
	objectVersion = 51;
	objects = {

/* Begin PBXBuildFile section */
		0E84853E2363C74B00DC56FF /* MovieDetailsViewContoller.swift in Sources */ = {isa = PBXBuildFile; fileRef = 0E84853D2363C74B00DC56FF /* MovieDetailsViewContoller.swift */; };
		0E8485402363D2C400DC56FF /* MovieGridViewController.swift in Sources */ = {isa = PBXBuildFile; fileRef = 0E84853F2363D2C400DC56FF /* MovieGridViewController.swift */; };
		0E8485422363D88000DC56FF /* MovieGridViewCell.swift in Sources */ = {isa = PBXBuildFile; fileRef = 0E8485412363D88000DC56FF /* MovieGridViewCell.swift */; };
		0EDF3D7B235568850021F8E8 /* AppDelegate.swift in Sources */ = {isa = PBXBuildFile; fileRef = 0EDF3D7A235568850021F8E8 /* AppDelegate.swift */; };
		0EDF3D7D235568850021F8E8 /* SceneDelegate.swift in Sources */ = {isa = PBXBuildFile; fileRef = 0EDF3D7C235568850021F8E8 /* SceneDelegate.swift */; };
		0EDF3D82235568850021F8E8 /* Main.storyboard in Resources */ = {isa = PBXBuildFile; fileRef = 0EDF3D80235568850021F8E8 /* Main.storyboard */; };
		0EDF3D84235568860021F8E8 /* Assets.xcassets in Resources */ = {isa = PBXBuildFile; fileRef = 0EDF3D83235568860021F8E8 /* Assets.xcassets */; };
		0EDF3D87235568860021F8E8 /* LaunchScreen.storyboard in Resources */ = {isa = PBXBuildFile; fileRef = 0EDF3D85235568860021F8E8 /* LaunchScreen.storyboard */; };
		0EDF3D92235568870021F8E8 /* FlixTests.swift in Sources */ = {isa = PBXBuildFile; fileRef = 0EDF3D91235568870021F8E8 /* FlixTests.swift */; };
		0EDF3D9D235568870021F8E8 /* FlixUITests.swift in Sources */ = {isa = PBXBuildFile; fileRef = 0EDF3D9C235568870021F8E8 /* FlixUITests.swift */; };
		0EDF3DAD235A878B0021F8E8 /* iOS_flix_assets in Resources */ = {isa = PBXBuildFile; fileRef = 0EDF3DAC235A878B0021F8E8 /* iOS_flix_assets */; };
		0EDF3DAF235A8D580021F8E8 /* MoviesViewController.swift in Sources */ = {isa = PBXBuildFile; fileRef = 0EDF3DAE235A8D580021F8E8 /* MoviesViewController.swift */; };
		0EDF3DB1235A95700021F8E8 /* MovieCell.swift in Sources */ = {isa = PBXBuildFile; fileRef = 0EDF3DB0235A95700021F8E8 /* MovieCell.swift */; };
		0EE72A8E235AA44000B36A5D /* launch_image.png in Resources */ = {isa = PBXBuildFile; fileRef = 0EE72A8D235AA44000B36A5D /* launch_image.png */; };
		3D8E4598930DBB937E5C715F /* Pods_Flix_FlixUITests.framework in Frameworks */ = {isa = PBXBuildFile; fileRef = FC0A8291A2743634ECE84983 /* Pods_Flix_FlixUITests.framework */; };
		87A571C2CC18A42E04B191B3 /* Pods_FlixTests.framework in Frameworks */ = {isa = PBXBuildFile; fileRef = 89EA107ED59CFB7793880697 /* Pods_FlixTests.framework */; };
		88A208611F2BF821572863D6 /* Pods_Flix.framework in Frameworks */ = {isa = PBXBuildFile; fileRef = 8E061D0323AAE78A0EC2083B /* Pods_Flix.framework */; };
/* End PBXBuildFile section */

/* Begin PBXContainerItemProxy section */
		0EDF3D8E235568870021F8E8 /* PBXContainerItemProxy */ = {
			isa = PBXContainerItemProxy;
			containerPortal = 0EDF3D6F235568850021F8E8 /* Project object */;
			proxyType = 1;
			remoteGlobalIDString = 0EDF3D76235568850021F8E8;
			remoteInfo = Flix;
		};
		0EDF3D99235568870021F8E8 /* PBXContainerItemProxy */ = {
			isa = PBXContainerItemProxy;
			containerPortal = 0EDF3D6F235568850021F8E8 /* Project object */;
			proxyType = 1;
			remoteGlobalIDString = 0EDF3D76235568850021F8E8;
			remoteInfo = Flix;
		};
/* End PBXContainerItemProxy section */

/* Begin PBXFileReference section */
		0E84853D2363C74B00DC56FF /* MovieDetailsViewContoller.swift */ = {isa = PBXFileReference; lastKnownFileType = sourcecode.swift; path = MovieDetailsViewContoller.swift; sourceTree = "<group>"; };
		0E84853F2363D2C400DC56FF /* MovieGridViewController.swift */ = {isa = PBXFileReference; lastKnownFileType = sourcecode.swift; path = MovieGridViewController.swift; sourceTree = "<group>"; };
		0E8485412363D88000DC56FF /* MovieGridViewCell.swift */ = {isa = PBXFileReference; lastKnownFileType = sourcecode.swift; path = MovieGridViewCell.swift; sourceTree = "<group>"; };
		0EDF3D77235568850021F8E8 /* Flix.app */ = {isa = PBXFileReference; explicitFileType = wrapper.application; includeInIndex = 0; path = Flix.app; sourceTree = BUILT_PRODUCTS_DIR; };
		0EDF3D7A235568850021F8E8 /* AppDelegate.swift */ = {isa = PBXFileReference; lastKnownFileType = sourcecode.swift; path = AppDelegate.swift; sourceTree = "<group>"; };
		0EDF3D7C235568850021F8E8 /* SceneDelegate.swift */ = {isa = PBXFileReference; lastKnownFileType = sourcecode.swift; path = SceneDelegate.swift; sourceTree = "<group>"; };
		0EDF3D81235568850021F8E8 /* Base */ = {isa = PBXFileReference; lastKnownFileType = file.storyboard; name = Base; path = Base.lproj/Main.storyboard; sourceTree = "<group>"; };
		0EDF3D83235568860021F8E8 /* Assets.xcassets */ = {isa = PBXFileReference; lastKnownFileType = folder.assetcatalog; path = Assets.xcassets; sourceTree = "<group>"; };
		0EDF3D86235568860021F8E8 /* Base */ = {isa = PBXFileReference; lastKnownFileType = file.storyboard; name = Base; path = Base.lproj/LaunchScreen.storyboard; sourceTree = "<group>"; };
		0EDF3D88235568860021F8E8 /* Info.plist */ = {isa = PBXFileReference; lastKnownFileType = text.plist.xml; path = Info.plist; sourceTree = "<group>"; };
		0EDF3D8D235568870021F8E8 /* FlixTests.xctest */ = {isa = PBXFileReference; explicitFileType = wrapper.cfbundle; includeInIndex = 0; path = FlixTests.xctest; sourceTree = BUILT_PRODUCTS_DIR; };
		0EDF3D91235568870021F8E8 /* FlixTests.swift */ = {isa = PBXFileReference; lastKnownFileType = sourcecode.swift; path = FlixTests.swift; sourceTree = "<group>"; };
		0EDF3D93235568870021F8E8 /* Info.plist */ = {isa = PBXFileReference; lastKnownFileType = text.plist.xml; path = Info.plist; sourceTree = "<group>"; };
		0EDF3D98235568870021F8E8 /* FlixUITests.xctest */ = {isa = PBXFileReference; explicitFileType = wrapper.cfbundle; includeInIndex = 0; path = FlixUITests.xctest; sourceTree = BUILT_PRODUCTS_DIR; };
		0EDF3D9C235568870021F8E8 /* FlixUITests.swift */ = {isa = PBXFileReference; lastKnownFileType = sourcecode.swift; path = FlixUITests.swift; sourceTree = "<group>"; };
		0EDF3D9E235568870021F8E8 /* Info.plist */ = {isa = PBXFileReference; lastKnownFileType = text.plist.xml; path = Info.plist; sourceTree = "<group>"; };
		0EDF3DAC235A878B0021F8E8 /* iOS_flix_assets */ = {isa = PBXFileReference; lastKnownFileType = folder; path = iOS_flix_assets; sourceTree = "<group>"; };
		0EDF3DAE235A8D580021F8E8 /* MoviesViewController.swift */ = {isa = PBXFileReference; lastKnownFileType = sourcecode.swift; path = MoviesViewController.swift; sourceTree = "<group>"; };
		0EDF3DB0235A95700021F8E8 /* MovieCell.swift */ = {isa = PBXFileReference; lastKnownFileType = sourcecode.swift; path = MovieCell.swift; sourceTree = "<group>"; };
		0EE72A8D235AA44000B36A5D /* launch_image.png */ = {isa = PBXFileReference; lastKnownFileType = image.png; name = launch_image.png; path = iOS_flix_assets/launch_image.png; sourceTree = "<group>"; };
		2826151FE72A3BA818E7F395 /* Pods-Flix.debug.xcconfig */ = {isa = PBXFileReference; includeInIndex = 1; lastKnownFileType = text.xcconfig; name = "Pods-Flix.debug.xcconfig"; path = "Target Support Files/Pods-Flix/Pods-Flix.debug.xcconfig"; sourceTree = "<group>"; };
		4A8A8C0F1F3DF3ED69CFE456 /* Pods-Flix-FlixUITests.debug.xcconfig */ = {isa = PBXFileReference; includeInIndex = 1; lastKnownFileType = text.xcconfig; name = "Pods-Flix-FlixUITests.debug.xcconfig"; path = "Target Support Files/Pods-Flix-FlixUITests/Pods-Flix-FlixUITests.debug.xcconfig"; sourceTree = "<group>"; };
		564707C8F4A17487DA3D99B6 /* Pods-Flix-FlixUITests.release.xcconfig */ = {isa = PBXFileReference; includeInIndex = 1; lastKnownFileType = text.xcconfig; name = "Pods-Flix-FlixUITests.release.xcconfig"; path = "Target Support Files/Pods-Flix-FlixUITests/Pods-Flix-FlixUITests.release.xcconfig"; sourceTree = "<group>"; };
		653E347FC8595C0E01EFF60F /* Pods-FlixTests.debug.xcconfig */ = {isa = PBXFileReference; includeInIndex = 1; lastKnownFileType = text.xcconfig; name = "Pods-FlixTests.debug.xcconfig"; path = "Target Support Files/Pods-FlixTests/Pods-FlixTests.debug.xcconfig"; sourceTree = "<group>"; };
		8027B318CF854EB5C3876122 /* Pods-FlixTests.release.xcconfig */ = {isa = PBXFileReference; includeInIndex = 1; lastKnownFileType = text.xcconfig; name = "Pods-FlixTests.release.xcconfig"; path = "Target Support Files/Pods-FlixTests/Pods-FlixTests.release.xcconfig"; sourceTree = "<group>"; };
		89EA107ED59CFB7793880697 /* Pods_FlixTests.framework */ = {isa = PBXFileReference; explicitFileType = wrapper.framework; includeInIndex = 0; path = Pods_FlixTests.framework; sourceTree = BUILT_PRODUCTS_DIR; };
		8E061D0323AAE78A0EC2083B /* Pods_Flix.framework */ = {isa = PBXFileReference; explicitFileType = wrapper.framework; includeInIndex = 0; path = Pods_Flix.framework; sourceTree = BUILT_PRODUCTS_DIR; };
		F78314A8552AA107DCEEC713 /* Pods-Flix.release.xcconfig */ = {isa = PBXFileReference; includeInIndex = 1; lastKnownFileType = text.xcconfig; name = "Pods-Flix.release.xcconfig"; path = "Target Support Files/Pods-Flix/Pods-Flix.release.xcconfig"; sourceTree = "<group>"; };
		FC0A8291A2743634ECE84983 /* Pods_Flix_FlixUITests.framework */ = {isa = PBXFileReference; explicitFileType = wrapper.framework; includeInIndex = 0; path = Pods_Flix_FlixUITests.framework; sourceTree = BUILT_PRODUCTS_DIR; };
/* End PBXFileReference section */

/* Begin PBXFrameworksBuildPhase section */
		0EDF3D74235568850021F8E8 /* Frameworks */ = {
			isa = PBXFrameworksBuildPhase;
			buildActionMask = 2147483647;
			files = (
				88A208611F2BF821572863D6 /* Pods_Flix.framework in Frameworks */,
			);
			runOnlyForDeploymentPostprocessing = 0;
		};
		0EDF3D8A235568870021F8E8 /* Frameworks */ = {
			isa = PBXFrameworksBuildPhase;
			buildActionMask = 2147483647;
			files = (
				87A571C2CC18A42E04B191B3 /* Pods_FlixTests.framework in Frameworks */,
			);
			runOnlyForDeploymentPostprocessing = 0;
		};
		0EDF3D95235568870021F8E8 /* Frameworks */ = {
			isa = PBXFrameworksBuildPhase;
			buildActionMask = 2147483647;
			files = (
				3D8E4598930DBB937E5C715F /* Pods_Flix_FlixUITests.framework in Frameworks */,
			);
			runOnlyForDeploymentPostprocessing = 0;
		};
/* End PBXFrameworksBuildPhase section */

/* Begin PBXGroup section */
		0EDF3D6E235568850021F8E8 = {
			isa = PBXGroup;
			children = (
				0EDF3D79235568850021F8E8 /* Flix */,
				0EDF3D90235568870021F8E8 /* FlixTests */,
				0EDF3D9B235568870021F8E8 /* FlixUITests */,
				0EDF3D78235568850021F8E8 /* Products */,
				334C63157E04321AC028BAF7 /* Pods */,
				26031544F2F2FEC365619E58 /* Frameworks */,
			);
			sourceTree = "<group>";
		};
		0EDF3D78235568850021F8E8 /* Products */ = {
			isa = PBXGroup;
			children = (
				0EDF3D77235568850021F8E8 /* Flix.app */,
				0EDF3D8D235568870021F8E8 /* FlixTests.xctest */,
				0EDF3D98235568870021F8E8 /* FlixUITests.xctest */,
			);
			name = Products;
			sourceTree = "<group>";
		};
		0EDF3D79235568850021F8E8 /* Flix */ = {
			isa = PBXGroup;
			children = (
				0EE72A8D235AA44000B36A5D /* launch_image.png */,
				0EDF3DAC235A878B0021F8E8 /* iOS_flix_assets */,
				0EDF3D7A235568850021F8E8 /* AppDelegate.swift */,
				0EDF3D7C235568850021F8E8 /* SceneDelegate.swift */,
				0EDF3D80235568850021F8E8 /* Main.storyboard */,
				0EDF3D83235568860021F8E8 /* Assets.xcassets */,
				0EDF3D85235568860021F8E8 /* LaunchScreen.storyboard */,
				0EDF3D88235568860021F8E8 /* Info.plist */,
				0EDF3DAE235A8D580021F8E8 /* MoviesViewController.swift */,
				0EDF3DB0235A95700021F8E8 /* MovieCell.swift */,
				0E84853D2363C74B00DC56FF /* MovieDetailsViewContoller.swift */,
				0E84853F2363D2C400DC56FF /* MovieGridViewController.swift */,
				0E8485412363D88000DC56FF /* MovieGridViewCell.swift */,
			);
			path = Flix;
			sourceTree = "<group>";
		};
		0EDF3D90235568870021F8E8 /* FlixTests */ = {
			isa = PBXGroup;
			children = (
				0EDF3D91235568870021F8E8 /* FlixTests.swift */,
				0EDF3D93235568870021F8E8 /* Info.plist */,
			);
			path = FlixTests;
			sourceTree = "<group>";
		};
		0EDF3D9B235568870021F8E8 /* FlixUITests */ = {
			isa = PBXGroup;
			children = (
				0EDF3D9C235568870021F8E8 /* FlixUITests.swift */,
				0EDF3D9E235568870021F8E8 /* Info.plist */,
			);
			path = FlixUITests;
			sourceTree = "<group>";
		};
		26031544F2F2FEC365619E58 /* Frameworks */ = {
			isa = PBXGroup;
			children = (
				8E061D0323AAE78A0EC2083B /* Pods_Flix.framework */,
				FC0A8291A2743634ECE84983 /* Pods_Flix_FlixUITests.framework */,
				89EA107ED59CFB7793880697 /* Pods_FlixTests.framework */,
			);
			name = Frameworks;
			sourceTree = "<group>";
		};
		334C63157E04321AC028BAF7 /* Pods */ = {
			isa = PBXGroup;
			children = (
				2826151FE72A3BA818E7F395 /* Pods-Flix.debug.xcconfig */,
				F78314A8552AA107DCEEC713 /* Pods-Flix.release.xcconfig */,
				4A8A8C0F1F3DF3ED69CFE456 /* Pods-Flix-FlixUITests.debug.xcconfig */,
				564707C8F4A17487DA3D99B6 /* Pods-Flix-FlixUITests.release.xcconfig */,
				653E347FC8595C0E01EFF60F /* Pods-FlixTests.debug.xcconfig */,
				8027B318CF854EB5C3876122 /* Pods-FlixTests.release.xcconfig */,
			);
			path = Pods;
			sourceTree = "<group>";
		};
/* End PBXGroup section */

/* Begin PBXNativeTarget section */
		0EDF3D76235568850021F8E8 /* Flix */ = {
			isa = PBXNativeTarget;
			buildConfigurationList = 0EDF3DA1235568870021F8E8 /* Build configuration list for PBXNativeTarget "Flix" */;
			buildPhases = (
				A86FA30B984A326C887E9159 /* [CP] Check Pods Manifest.lock */,
				0EDF3D73235568850021F8E8 /* Sources */,
				0EDF3D74235568850021F8E8 /* Frameworks */,
				0EDF3D75235568850021F8E8 /* Resources */,
				3C5C15A96D27CB8435153766 /* [CP] Embed Pods Frameworks */,
			);
			buildRules = (
			);
			dependencies = (
			);
			name = Flix;
			productName = Flix;
			productReference = 0EDF3D77235568850021F8E8 /* Flix.app */;
			productType = "com.apple.product-type.application";
		};
		0EDF3D8C235568870021F8E8 /* FlixTests */ = {
			isa = PBXNativeTarget;
			buildConfigurationList = 0EDF3DA4235568870021F8E8 /* Build configuration list for PBXNativeTarget "FlixTests" */;
			buildPhases = (
				8865189C7E95899527BE36D8 /* [CP] Check Pods Manifest.lock */,
				0EDF3D89235568870021F8E8 /* Sources */,
				0EDF3D8A235568870021F8E8 /* Frameworks */,
				0EDF3D8B235568870021F8E8 /* Resources */,
			);
			buildRules = (
			);
			dependencies = (
				0EDF3D8F235568870021F8E8 /* PBXTargetDependency */,
			);
			name = FlixTests;
			productName = FlixTests;
			productReference = 0EDF3D8D235568870021F8E8 /* FlixTests.xctest */;
			productType = "com.apple.product-type.bundle.unit-test";
		};
		0EDF3D97235568870021F8E8 /* FlixUITests */ = {
			isa = PBXNativeTarget;
			buildConfigurationList = 0EDF3DA7235568870021F8E8 /* Build configuration list for PBXNativeTarget "FlixUITests" */;
			buildPhases = (
				E03008AF0309E0C6FD29C742 /* [CP] Check Pods Manifest.lock */,
				0EDF3D94235568870021F8E8 /* Sources */,
				0EDF3D95235568870021F8E8 /* Frameworks */,
				0EDF3D96235568870021F8E8 /* Resources */,
				AF68F21DB353244F6F86D613 /* [CP] Embed Pods Frameworks */,
			);
			buildRules = (
			);
			dependencies = (
				0EDF3D9A235568870021F8E8 /* PBXTargetDependency */,
			);
			name = FlixUITests;
			productName = FlixUITests;
			productReference = 0EDF3D98235568870021F8E8 /* FlixUITests.xctest */;
			productType = "com.apple.product-type.bundle.ui-testing";
		};
/* End PBXNativeTarget section */

/* Begin PBXProject section */
		0EDF3D6F235568850021F8E8 /* Project object */ = {
			isa = PBXProject;
			attributes = {
				LastSwiftUpdateCheck = 1110;
				LastUpgradeCheck = 1110;
				ORGANIZATIONNAME = "Laurence Bernardo";
				TargetAttributes = {
					0EDF3D76235568850021F8E8 = {
						CreatedOnToolsVersion = 11.1;
					};
					0EDF3D8C235568870021F8E8 = {
						CreatedOnToolsVersion = 11.1;
						TestTargetID = 0EDF3D76235568850021F8E8;
					};
					0EDF3D97235568870021F8E8 = {
						CreatedOnToolsVersion = 11.1;
						TestTargetID = 0EDF3D76235568850021F8E8;
					};
				};
			};
			buildConfigurationList = 0EDF3D72235568850021F8E8 /* Build configuration list for PBXProject "Flix" */;
			compatibilityVersion = "Xcode 9.3";
			developmentRegion = en;
			hasScannedForEncodings = 0;
			knownRegions = (
				en,
				Base,
			);
			mainGroup = 0EDF3D6E235568850021F8E8;
			productRefGroup = 0EDF3D78235568850021F8E8 /* Products */;
			projectDirPath = "";
			projectRoot = "";
			targets = (
				0EDF3D76235568850021F8E8 /* Flix */,
				0EDF3D8C235568870021F8E8 /* FlixTests */,
				0EDF3D97235568870021F8E8 /* FlixUITests */,
			);
		};
/* End PBXProject section */

/* Begin PBXResourcesBuildPhase section */
		0EDF3D75235568850021F8E8 /* Resources */ = {
			isa = PBXResourcesBuildPhase;
			buildActionMask = 2147483647;
			files = (
				0EDF3D87235568860021F8E8 /* LaunchScreen.storyboard in Resources */,
				0EDF3D84235568860021F8E8 /* Assets.xcassets in Resources */,
				0EDF3DAD235A878B0021F8E8 /* iOS_flix_assets in Resources */,
				0EDF3D82235568850021F8E8 /* Main.storyboard in Resources */,
				0EE72A8E235AA44000B36A5D /* launch_image.png in Resources */,
			);
			runOnlyForDeploymentPostprocessing = 0;
		};
		0EDF3D8B235568870021F8E8 /* Resources */ = {
			isa = PBXResourcesBuildPhase;
			buildActionMask = 2147483647;
			files = (
			);
			runOnlyForDeploymentPostprocessing = 0;
		};
		0EDF3D96235568870021F8E8 /* Resources */ = {
			isa = PBXResourcesBuildPhase;
			buildActionMask = 2147483647;
			files = (
			);
			runOnlyForDeploymentPostprocessing = 0;
		};
/* End PBXResourcesBuildPhase section */

/* Begin PBXShellScriptBuildPhase section */
		3C5C15A96D27CB8435153766 /* [CP] Embed Pods Frameworks */ = {
			isa = PBXShellScriptBuildPhase;
			buildActionMask = 2147483647;
			files = (
			);
			inputFileListPaths = (
				"${PODS_ROOT}/Target Support Files/Pods-Flix/Pods-Flix-frameworks-${CONFIGURATION}-input-files.xcfilelist",
			);
			name = "[CP] Embed Pods Frameworks";
			outputFileListPaths = (
				"${PODS_ROOT}/Target Support Files/Pods-Flix/Pods-Flix-frameworks-${CONFIGURATION}-output-files.xcfilelist",
			);
			runOnlyForDeploymentPostprocessing = 0;
			shellPath = /bin/sh;
			shellScript = "\"${PODS_ROOT}/Target Support Files/Pods-Flix/Pods-Flix-frameworks.sh\"\n";
			showEnvVarsInLog = 0;
		};
		8865189C7E95899527BE36D8 /* [CP] Check Pods Manifest.lock */ = {
			isa = PBXShellScriptBuildPhase;
			buildActionMask = 2147483647;
			files = (
			);
			inputFileListPaths = (
			);
			inputPaths = (
				"${PODS_PODFILE_DIR_PATH}/Podfile.lock",
				"${PODS_ROOT}/Manifest.lock",
			);
			name = "[CP] Check Pods Manifest.lock";
			outputFileListPaths = (
			);
			outputPaths = (
				"$(DERIVED_FILE_DIR)/Pods-FlixTests-checkManifestLockResult.txt",
			);
			runOnlyForDeploymentPostprocessing = 0;
			shellPath = /bin/sh;
			shellScript = "diff \"${PODS_PODFILE_DIR_PATH}/Podfile.lock\" \"${PODS_ROOT}/Manifest.lock\" > /dev/null\nif [ $? != 0 ] ; then\n    # print error to STDERR\n    echo \"error: The sandbox is not in sync with the Podfile.lock. Run 'pod install' or update your CocoaPods installation.\" >&2\n    exit 1\nfi\n# This output is used by Xcode 'outputs' to avoid re-running this script phase.\necho \"SUCCESS\" > \"${SCRIPT_OUTPUT_FILE_0}\"\n";
			showEnvVarsInLog = 0;
		};
		A86FA30B984A326C887E9159 /* [CP] Check Pods Manifest.lock */ = {
			isa = PBXShellScriptBuildPhase;
			buildActionMask = 2147483647;
			files = (
			);
			inputFileListPaths = (
			);
			inputPaths = (
				"${PODS_PODFILE_DIR_PATH}/Podfile.lock",
				"${PODS_ROOT}/Manifest.lock",
			);
			name = "[CP] Check Pods Manifest.lock";
			outputFileListPaths = (
			);
			outputPaths = (
				"$(DERIVED_FILE_DIR)/Pods-Flix-checkManifestLockResult.txt",
			);
			runOnlyForDeploymentPostprocessing = 0;
			shellPath = /bin/sh;
			shellScript = "diff \"${PODS_PODFILE_DIR_PATH}/Podfile.lock\" \"${PODS_ROOT}/Manifest.lock\" > /dev/null\nif [ $? != 0 ] ; then\n    # print error to STDERR\n    echo \"error: The sandbox is not in sync with the Podfile.lock. Run 'pod install' or update your CocoaPods installation.\" >&2\n    exit 1\nfi\n# This output is used by Xcode 'outputs' to avoid re-running this script phase.\necho \"SUCCESS\" > \"${SCRIPT_OUTPUT_FILE_0}\"\n";
			showEnvVarsInLog = 0;
		};
		AF68F21DB353244F6F86D613 /* [CP] Embed Pods Frameworks */ = {
			isa = PBXShellScriptBuildPhase;
			buildActionMask = 2147483647;
			files = (
			);
			inputFileListPaths = (
				"${PODS_ROOT}/Target Support Files/Pods-Flix-FlixUITests/Pods-Flix-FlixUITests-frameworks-${CONFIGURATION}-input-files.xcfilelist",
			);
			name = "[CP] Embed Pods Frameworks";
			outputFileListPaths = (
				"${PODS_ROOT}/Target Support Files/Pods-Flix-FlixUITests/Pods-Flix-FlixUITests-frameworks-${CONFIGURATION}-output-files.xcfilelist",
			);
			runOnlyForDeploymentPostprocessing = 0;
			shellPath = /bin/sh;
			shellScript = "\"${PODS_ROOT}/Target Support Files/Pods-Flix-FlixUITests/Pods-Flix-FlixUITests-frameworks.sh\"\n";
			showEnvVarsInLog = 0;
		};
		E03008AF0309E0C6FD29C742 /* [CP] Check Pods Manifest.lock */ = {
			isa = PBXShellScriptBuildPhase;
			buildActionMask = 2147483647;
			files = (
			);
			inputFileListPaths = (
			);
			inputPaths = (
				"${PODS_PODFILE_DIR_PATH}/Podfile.lock",
				"${PODS_ROOT}/Manifest.lock",
			);
			name = "[CP] Check Pods Manifest.lock";
			outputFileListPaths = (
			);
			outputPaths = (
				"$(DERIVED_FILE_DIR)/Pods-Flix-FlixUITests-checkManifestLockResult.txt",
			);
			runOnlyForDeploymentPostprocessing = 0;
			shellPath = /bin/sh;
			shellScript = "diff \"${PODS_PODFILE_DIR_PATH}/Podfile.lock\" \"${PODS_ROOT}/Manifest.lock\" > /dev/null\nif [ $? != 0 ] ; then\n    # print error to STDERR\n    echo \"error: The sandbox is not in sync with the Podfile.lock. Run 'pod install' or update your CocoaPods installation.\" >&2\n    exit 1\nfi\n# This output is used by Xcode 'outputs' to avoid re-running this script phase.\necho \"SUCCESS\" > \"${SCRIPT_OUTPUT_FILE_0}\"\n";
			showEnvVarsInLog = 0;
		};
/* End PBXShellScriptBuildPhase section */

/* Begin PBXSourcesBuildPhase section */
		0EDF3D73235568850021F8E8 /* Sources */ = {
			isa = PBXSourcesBuildPhase;
			buildActionMask = 2147483647;
			files = (
				0E8485422363D88000DC56FF /* MovieGridViewCell.swift in Sources */,
				0EDF3D7B235568850021F8E8 /* AppDelegate.swift in Sources */,
				0EDF3D7D235568850021F8E8 /* SceneDelegate.swift in Sources */,
				0EDF3DB1235A95700021F8E8 /* MovieCell.swift in Sources */,
				0EDF3DAF235A8D580021F8E8 /* MoviesViewController.swift in Sources */,
				0E84853E2363C74B00DC56FF /* MovieDetailsViewContoller.swift in Sources */,
				0E8485402363D2C400DC56FF /* MovieGridViewController.swift in Sources */,
			);
			runOnlyForDeploymentPostprocessing = 0;
		};
		0EDF3D89235568870021F8E8 /* Sources */ = {
			isa = PBXSourcesBuildPhase;
			buildActionMask = 2147483647;
			files = (
				0EDF3D92235568870021F8E8 /* FlixTests.swift in Sources */,
			);
			runOnlyForDeploymentPostprocessing = 0;
		};
		0EDF3D94235568870021F8E8 /* Sources */ = {
			isa = PBXSourcesBuildPhase;
			buildActionMask = 2147483647;
			files = (
				0EDF3D9D235568870021F8E8 /* FlixUITests.swift in Sources */,
			);
			runOnlyForDeploymentPostprocessing = 0;
		};
/* End PBXSourcesBuildPhase section */

/* Begin PBXTargetDependency section */
		0EDF3D8F235568870021F8E8 /* PBXTargetDependency */ = {
			isa = PBXTargetDependency;
			target = 0EDF3D76235568850021F8E8 /* Flix */;
			targetProxy = 0EDF3D8E235568870021F8E8 /* PBXContainerItemProxy */;
		};
		0EDF3D9A235568870021F8E8 /* PBXTargetDependency */ = {
			isa = PBXTargetDependency;
			target = 0EDF3D76235568850021F8E8 /* Flix */;
			targetProxy = 0EDF3D99235568870021F8E8 /* PBXContainerItemProxy */;
		};
/* End PBXTargetDependency section */

/* Begin PBXVariantGroup section */
		0EDF3D80235568850021F8E8 /* Main.storyboard */ = {
			isa = PBXVariantGroup;
			children = (
				0EDF3D81235568850021F8E8 /* Base */,
			);
			name = Main.storyboard;
			sourceTree = "<group>";
		};
		0EDF3D85235568860021F8E8 /* LaunchScreen.storyboard */ = {
			isa = PBXVariantGroup;
			children = (
				0EDF3D86235568860021F8E8 /* Base */,
			);
			name = LaunchScreen.storyboard;
			sourceTree = "<group>";
		};
/* End PBXVariantGroup section */

/* Begin XCBuildConfiguration section */
		0EDF3D9F235568870021F8E8 /* Debug */ = {
			isa = XCBuildConfiguration;
			buildSettings = {
				ALWAYS_SEARCH_USER_PATHS = NO;
				CLANG_ANALYZER_NONNULL = YES;
				CLANG_ANALYZER_NUMBER_OBJECT_CONVERSION = YES_AGGRESSIVE;
				CLANG_CXX_LANGUAGE_STANDARD = "gnu++14";
				CLANG_CXX_LIBRARY = "libc++";
				CLANG_ENABLE_MODULES = YES;
				CLANG_ENABLE_OBJC_ARC = YES;
				CLANG_ENABLE_OBJC_WEAK = YES;
				CLANG_WARN_BLOCK_CAPTURE_AUTORELEASING = YES;
				CLANG_WARN_BOOL_CONVERSION = YES;
				CLANG_WARN_COMMA = YES;
				CLANG_WARN_CONSTANT_CONVERSION = YES;
				CLANG_WARN_DEPRECATED_OBJC_IMPLEMENTATIONS = YES;
				CLANG_WARN_DIRECT_OBJC_ISA_USAGE = YES_ERROR;
				CLANG_WARN_DOCUMENTATION_COMMENTS = YES;
				CLANG_WARN_EMPTY_BODY = YES;
				CLANG_WARN_ENUM_CONVERSION = YES;
				CLANG_WARN_INFINITE_RECURSION = YES;
				CLANG_WARN_INT_CONVERSION = YES;
				CLANG_WARN_NON_LITERAL_NULL_CONVERSION = YES;
				CLANG_WARN_OBJC_IMPLICIT_RETAIN_SELF = YES;
				CLANG_WARN_OBJC_LITERAL_CONVERSION = YES;
				CLANG_WARN_OBJC_ROOT_CLASS = YES_ERROR;
				CLANG_WARN_RANGE_LOOP_ANALYSIS = YES;
				CLANG_WARN_STRICT_PROTOTYPES = YES;
				CLANG_WARN_SUSPICIOUS_MOVE = YES;
				CLANG_WARN_UNGUARDED_AVAILABILITY = YES_AGGRESSIVE;
				CLANG_WARN_UNREACHABLE_CODE = YES;
				CLANG_WARN__DUPLICATE_METHOD_MATCH = YES;
				COPY_PHASE_STRIP = NO;
				DEBUG_INFORMATION_FORMAT = dwarf;
				ENABLE_STRICT_OBJC_MSGSEND = YES;
				ENABLE_TESTABILITY = YES;
				GCC_C_LANGUAGE_STANDARD = gnu11;
				GCC_DYNAMIC_NO_PIC = NO;
				GCC_NO_COMMON_BLOCKS = YES;
				GCC_OPTIMIZATION_LEVEL = 0;
				GCC_PREPROCESSOR_DEFINITIONS = (
					"DEBUG=1",
					"$(inherited)",
				);
				GCC_WARN_64_TO_32_BIT_CONVERSION = YES;
				GCC_WARN_ABOUT_RETURN_TYPE = YES_ERROR;
				GCC_WARN_UNDECLARED_SELECTOR = YES;
				GCC_WARN_UNINITIALIZED_AUTOS = YES_AGGRESSIVE;
				GCC_WARN_UNUSED_FUNCTION = YES;
				GCC_WARN_UNUSED_VARIABLE = YES;
				IPHONEOS_DEPLOYMENT_TARGET = 13.1;
				MTL_ENABLE_DEBUG_INFO = INCLUDE_SOURCE;
				MTL_FAST_MATH = YES;
				ONLY_ACTIVE_ARCH = YES;
				SDKROOT = iphoneos;
				SWIFT_ACTIVE_COMPILATION_CONDITIONS = DEBUG;
				SWIFT_OPTIMIZATION_LEVEL = "-Onone";
			};
			name = Debug;
		};
		0EDF3DA0235568870021F8E8 /* Release */ = {
			isa = XCBuildConfiguration;
			buildSettings = {
				ALWAYS_SEARCH_USER_PATHS = NO;
				CLANG_ANALYZER_NONNULL = YES;
				CLANG_ANALYZER_NUMBER_OBJECT_CONVERSION = YES_AGGRESSIVE;
				CLANG_CXX_LANGUAGE_STANDARD = "gnu++14";
				CLANG_CXX_LIBRARY = "libc++";
				CLANG_ENABLE_MODULES = YES;
				CLANG_ENABLE_OBJC_ARC = YES;
				CLANG_ENABLE_OBJC_WEAK = YES;
				CLANG_WARN_BLOCK_CAPTURE_AUTORELEASING = YES;
				CLANG_WARN_BOOL_CONVERSION = YES;
				CLANG_WARN_COMMA = YES;
				CLANG_WARN_CONSTANT_CONVERSION = YES;
				CLANG_WARN_DEPRECATED_OBJC_IMPLEMENTATIONS = YES;
				CLANG_WARN_DIRECT_OBJC_ISA_USAGE = YES_ERROR;
				CLANG_WARN_DOCUMENTATION_COMMENTS = YES;
				CLANG_WARN_EMPTY_BODY = YES;
				CLANG_WARN_ENUM_CONVERSION = YES;
				CLANG_WARN_INFINITE_RECURSION = YES;
				CLANG_WARN_INT_CONVERSION = YES;
				CLANG_WARN_NON_LITERAL_NULL_CONVERSION = YES;
				CLANG_WARN_OBJC_IMPLICIT_RETAIN_SELF = YES;
				CLANG_WARN_OBJC_LITERAL_CONVERSION = YES;
				CLANG_WARN_OBJC_ROOT_CLASS = YES_ERROR;
				CLANG_WARN_RANGE_LOOP_ANALYSIS = YES;
				CLANG_WARN_STRICT_PROTOTYPES = YES;
				CLANG_WARN_SUSPICIOUS_MOVE = YES;
				CLANG_WARN_UNGUARDED_AVAILABILITY = YES_AGGRESSIVE;
				CLANG_WARN_UNREACHABLE_CODE = YES;
				CLANG_WARN__DUPLICATE_METHOD_MATCH = YES;
				COPY_PHASE_STRIP = NO;
				DEBUG_INFORMATION_FORMAT = "dwarf-with-dsym";
				ENABLE_NS_ASSERTIONS = NO;
				ENABLE_STRICT_OBJC_MSGSEND = YES;
				GCC_C_LANGUAGE_STANDARD = gnu11;
				GCC_NO_COMMON_BLOCKS = YES;
				GCC_WARN_64_TO_32_BIT_CONVERSION = YES;
				GCC_WARN_ABOUT_RETURN_TYPE = YES_ERROR;
				GCC_WARN_UNDECLARED_SELECTOR = YES;
				GCC_WARN_UNINITIALIZED_AUTOS = YES_AGGRESSIVE;
				GCC_WARN_UNUSED_FUNCTION = YES;
				GCC_WARN_UNUSED_VARIABLE = YES;
				IPHONEOS_DEPLOYMENT_TARGET = 13.1;
				MTL_ENABLE_DEBUG_INFO = NO;
				MTL_FAST_MATH = YES;
				SDKROOT = iphoneos;
				SWIFT_COMPILATION_MODE = wholemodule;
				SWIFT_OPTIMIZATION_LEVEL = "-O";
				VALIDATE_PRODUCT = YES;
			};
			name = Release;
		};
		0EDF3DA2235568870021F8E8 /* Debug */ = {
			isa = XCBuildConfiguration;
			baseConfigurationReference = 2826151FE72A3BA818E7F395 /* Pods-Flix.debug.xcconfig */;
			buildSettings = {
				ASSETCATALOG_COMPILER_APPICON_NAME = AppIcon;
				CODE_SIGN_STYLE = Automatic;
				INFOPLIST_FILE = Flix/Info.plist;
				LD_RUNPATH_SEARCH_PATHS = (
					"$(inherited)",
					"@executable_path/Frameworks",
				);
				PRODUCT_BUNDLE_IDENTIFIER = com.laurencebernardo.Flix;
				PRODUCT_NAME = "$(TARGET_NAME)";
				SWIFT_VERSION = 5.0;
				TARGETED_DEVICE_FAMILY = "1,2";
			};
			name = Debug;
		};
		0EDF3DA3235568870021F8E8 /* Release */ = {
			isa = XCBuildConfiguration;
			baseConfigurationReference = F78314A8552AA107DCEEC713 /* Pods-Flix.release.xcconfig */;
			buildSettings = {
				ASSETCATALOG_COMPILER_APPICON_NAME = AppIcon;
				CODE_SIGN_STYLE = Automatic;
				INFOPLIST_FILE = Flix/Info.plist;
				LD_RUNPATH_SEARCH_PATHS = (
					"$(inherited)",
					"@executable_path/Frameworks",
				);
				PRODUCT_BUNDLE_IDENTIFIER = com.laurencebernardo.Flix;
				PRODUCT_NAME = "$(TARGET_NAME)";
				SWIFT_VERSION = 5.0;
				TARGETED_DEVICE_FAMILY = "1,2";
			};
			name = Release;
		};
		0EDF3DA5235568870021F8E8 /* Debug */ = {
			isa = XCBuildConfiguration;
			baseConfigurationReference = 653E347FC8595C0E01EFF60F /* Pods-FlixTests.debug.xcconfig */;
			buildSettings = {
				ALWAYS_EMBED_SWIFT_STANDARD_LIBRARIES = YES;
				BUNDLE_LOADER = "$(TEST_HOST)";
				CODE_SIGN_STYLE = Automatic;
				INFOPLIST_FILE = FlixTests/Info.plist;
				IPHONEOS_DEPLOYMENT_TARGET = 13.1;
				LD_RUNPATH_SEARCH_PATHS = (
					"$(inherited)",
					"@executable_path/Frameworks",
					"@loader_path/Frameworks",
				);
				PRODUCT_BUNDLE_IDENTIFIER = com.laurencebernardo.FlixTests;
				PRODUCT_NAME = "$(TARGET_NAME)";
				SWIFT_VERSION = 5.0;
				TARGETED_DEVICE_FAMILY = "1,2";
				TEST_HOST = "$(BUILT_PRODUCTS_DIR)/Flix.app/Flix";
			};
			name = Debug;
		};
		0EDF3DA6235568870021F8E8 /* Release */ = {
			isa = XCBuildConfiguration;
			baseConfigurationReference = 8027B318CF854EB5C3876122 /* Pods-FlixTests.release.xcconfig */;
			buildSettings = {
				ALWAYS_EMBED_SWIFT_STANDARD_LIBRARIES = YES;
				BUNDLE_LOADER = "$(TEST_HOST)";
				CODE_SIGN_STYLE = Automatic;
				INFOPLIST_FILE = FlixTests/Info.plist;
				IPHONEOS_DEPLOYMENT_TARGET = 13.1;
				LD_RUNPATH_SEARCH_PATHS = (
					"$(inherited)",
					"@executable_path/Frameworks",
					"@loader_path/Frameworks",
				);
				PRODUCT_BUNDLE_IDENTIFIER = com.laurencebernardo.FlixTests;
				PRODUCT_NAME = "$(TARGET_NAME)";
				SWIFT_VERSION = 5.0;
				TARGETED_DEVICE_FAMILY = "1,2";
				TEST_HOST = "$(BUILT_PRODUCTS_DIR)/Flix.app/Flix";
			};
			name = Release;
		};
		0EDF3DA8235568870021F8E8 /* Debug */ = {
			isa = XCBuildConfiguration;
			baseConfigurationReference = 4A8A8C0F1F3DF3ED69CFE456 /* Pods-Flix-FlixUITests.debug.xcconfig */;
			buildSettings = {
				ALWAYS_EMBED_SWIFT_STANDARD_LIBRARIES = YES;
				CODE_SIGN_STYLE = Automatic;
				INFOPLIST_FILE = FlixUITests/Info.plist;
				LD_RUNPATH_SEARCH_PATHS = (
					"$(inherited)",
					"@executable_path/Frameworks",
					"@loader_path/Frameworks",
				);
				PRODUCT_BUNDLE_IDENTIFIER = com.laurencebernardo.FlixUITests;
				PRODUCT_NAME = "$(TARGET_NAME)";
				SWIFT_VERSION = 5.0;
				TARGETED_DEVICE_FAMILY = "1,2";
				TEST_TARGET_NAME = Flix;
			};
			name = Debug;
		};
		0EDF3DA9235568870021F8E8 /* Release */ = {
			isa = XCBuildConfiguration;
			baseConfigurationReference = 564707C8F4A17487DA3D99B6 /* Pods-Flix-FlixUITests.release.xcconfig */;
			buildSettings = {
				ALWAYS_EMBED_SWIFT_STANDARD_LIBRARIES = YES;
				CODE_SIGN_STYLE = Automatic;
				INFOPLIST_FILE = FlixUITests/Info.plist;
				LD_RUNPATH_SEARCH_PATHS = (
					"$(inherited)",
					"@executable_path/Frameworks",
					"@loader_path/Frameworks",
				);
				PRODUCT_BUNDLE_IDENTIFIER = com.laurencebernardo.FlixUITests;
				PRODUCT_NAME = "$(TARGET_NAME)";
				SWIFT_VERSION = 5.0;
				TARGETED_DEVICE_FAMILY = "1,2";
				TEST_TARGET_NAME = Flix;
			};
			name = Release;
		};
/* End XCBuildConfiguration section */

/* Begin XCConfigurationList section */
		0EDF3D72235568850021F8E8 /* Build configuration list for PBXProject "Flix" */ = {
			isa = XCConfigurationList;
			buildConfigurations = (
				0EDF3D9F235568870021F8E8 /* Debug */,
				0EDF3DA0235568870021F8E8 /* Release */,
			);
			defaultConfigurationIsVisible = 0;
			defaultConfigurationName = Release;
		};
		0EDF3DA1235568870021F8E8 /* Build configuration list for PBXNativeTarget "Flix" */ = {
			isa = XCConfigurationList;
			buildConfigurations = (
				0EDF3DA2235568870021F8E8 /* Debug */,
				0EDF3DA3235568870021F8E8 /* Release */,
			);
			defaultConfigurationIsVisible = 0;
			defaultConfigurationName = Release;
		};
		0EDF3DA4235568870021F8E8 /* Build configuration list for PBXNativeTarget "FlixTests" */ = {
			isa = XCConfigurationList;
			buildConfigurations = (
				0EDF3DA5235568870021F8E8 /* Debug */,
				0EDF3DA6235568870021F8E8 /* Release */,
			);
			defaultConfigurationIsVisible = 0;
			defaultConfigurationName = Release;
		};
		0EDF3DA7235568870021F8E8 /* Build configuration list for PBXNativeTarget "FlixUITests" */ = {
			isa = XCConfigurationList;
			buildConfigurations = (
				0EDF3DA8235568870021F8E8 /* Debug */,
				0EDF3DA9235568870021F8E8 /* Release */,
			);
			defaultConfigurationIsVisible = 0;
			defaultConfigurationName = Release;
		};
/* End XCConfigurationList section */
	};
	rootObject = 0EDF3D6F235568850021F8E8 /* Project object */;
}
